
Microsoft Visual Studio Solution File, Format Version 12.00
# Visual Studio Version 17
VisualStudioVersion = 17.0.32112.339
MinimumVisualStudioVersion = 10.0.40219.1
Project("{9A19103F-16F7-4668-BE54-9A1E7A4F7556}") = "Challengify", "Challengify\Challengify.csproj", "{792B12E8-255D-4F8D-AAAF-275433D3CC08}"
EndProject
Project("{E53339B2-1760-4266-BCC7-CA923CBCF16C}") = "docker-compose", "docker-compose.dcproj", "{DCFD2AB8-FEE8-4693-935B-2AAFB647961D}"
EndProject
Global
	GlobalSection(SolutionConfigurationPlatforms) = preSolution
		Debug|Any CPU = Debug|Any CPU
		Release|Any CPU = Release|Any CPU
	EndGlobalSection
	GlobalSection(ProjectConfigurationPlatforms) = postSolution
		{792B12E8-255D-4F8D-AAAF-275433D3CC08}.Debug|Any CPU.ActiveCfg = Debug|Any CPU
		{792B12E8-255D-4F8D-AAAF-275433D3CC08}.Debug|Any CPU.Build.0 = Debug|Any CPU
		{792B12E8-255D-4F8D-AAAF-275433D3CC08}.Release|Any CPU.ActiveCfg = Release|Any CPU
		{792B12E8-255D-4F8D-AAAF-275433D3CC08}.Release|Any CPU.Build.0 = Release|Any CPU
		{DCFD2AB8-FEE8-4693-935B-2AAFB647961D}.Debug|Any CPU.ActiveCfg = Debug|Any CPU
		{DCFD2AB8-FEE8-4693-935B-2AAFB647961D}.Debug|Any CPU.Build.0 = Debug|Any CPU
		{DCFD2AB8-FEE8-4693-935B-2AAFB647961D}.Release|Any CPU.ActiveCfg = Release|Any CPU
		{DCFD2AB8-FEE8-4693-935B-2AAFB647961D}.Release|Any CPU.Build.0 = Release|Any CPU
	EndGlobalSection
	GlobalSection(SolutionProperties) = preSolution
		HideSolutionNode = FALSE
	EndGlobalSection
	GlobalSection(ExtensibilityGlobals) = postSolution
		SolutionGuid = {79591D53-D40F-4A9D-A0D4-DBC5D1A857CE}
	EndGlobalSection
EndGlobal
